{
  "name": "day-5",
  "version": "1.0.0",
  "lockfileVersion": 3,
  "requires": true,
  "packages": {
    "": {
      "name": "day-5",
      "version": "1.0.0",
      "dependencies": {
        "undici": "^7.24.6"
      }
    },
    "node_modules/undici": {
      "version": "7.24.6",
      "resolved": "https://registry.npmjs.org/undici/-/undici-7.24.6.tgz",
      "integrity": "sha512-Xi4agocCbRzt0yYMZGMA6ApD7gvtUFaxm4ZmeacWI4cZxaF6C+8I8QfofC20NAePiB/IcvZmzkJ7XPa471AEtA==",
      "license": "MIT",
      "engines": {
        "node": ">=20.18.1"
      }
    }
  }
}
